// !$*UTF8*$!
{
	archiveVersion = 1;
	classes = {
	};
	objectVersion = 48;
	objects = {

/* Begin PBXBuildFile section */
		3B3641461FF26ED7002F10EF /* AppDelegate.swift in Sources */ = {isa = PBXBuildFile; fileRef = 3B3641451FF26ED7002F10EF /* AppDelegate.swift */; };
		3B3641481FF26ED7002F10EF /* ConcentrationViewController.swift in Sources */ = {isa = PBXBuildFile; fileRef = 3B3641471FF26ED7002F10EF /* ConcentrationViewController.swift */; };
		3B36414B1FF26ED7002F10EF /* Main.storyboard in Resources */ = {isa = PBXBuildFile; fileRef = 3B3641491FF26ED7002F10EF /* Main.storyboard */; };
		3B36414D1FF26ED7002F10EF /* Assets.xcassets in Resources */ = {isa = PBXBuildFile; fileRef = 3B36414C1FF26ED7002F10EF /* Assets.xcassets */; };
		3B3641501FF26ED7002F10EF /* LaunchScreen.storyboard in Resources */ = {isa = PBXBuildFile; fileRef = 3B36414E1FF26ED7002F10EF /* LaunchScreen.storyboard */; };
		3B3641581FF2AABE002F10EF /* Concentration.swift in Sources */ = {isa = PBXBuildFile; fileRef = 3B3641571FF2AABE002F10EF /* Concentration.swift */; };
		3B36415B1FF2ABB5002F10EF /* Card.swift in Sources */ = {isa = PBXBuildFile; fileRef = 3B36415A1FF2ABB5002F10EF /* Card.swift */; };
		3BA6E3B11FFA357C000BFA1D /* ConcentrationThemeChooserViewController.swift in Sources */ = {isa = PBXBuildFile; fileRef = 3BA6E3B01FFA357C000BFA1D /* ConcentrationThemeChooserViewController.swift */; };
/* End PBXBuildFile section */

/* Begin PBXFileReference section */
		3B3641421FF26ED7002F10EF /* Concentration.app */ = {isa = PBXFileReference; explicitFileType = wrapper.application; includeInIndex = 0; path = Concentration.app; sourceTree = BUILT_PRODUCTS_DIR; };
		3B3641451FF26ED7002F10EF /* AppDelegate.swift */ = {isa = PBXFileReference; lastKnownFileType = sourcecode.swift; path = AppDelegate.swift; sourceTree = "<group>"; };
		3B3641471FF26ED7002F10EF /* ConcentrationViewController.swift */ = {isa = PBXFileReference; lastKnownFileType = sourcecode.swift; path = ConcentrationViewController.swift; sourceTree = "<group>"; };
		3B36414A1FF26ED7002F10EF /* Base */ = {isa = PBXFileReference; lastKnownFileType = file.storyboard; name = Base; path = Base.lproj/Main.storyboard; sourceTree = "<group>"; };
		3B36414C1FF26ED7002F10EF /* Assets.xcassets */ = {isa = PBXFileReference; lastKnownFileType = folder.assetcatalog; path = Assets.xcassets; sourceTree = "<group>"; };
		3B36414F1FF26ED7002F10EF /* Base */ = {isa = PBXFileReference; lastKnownFileType = file.storyboard; name = Base; path = Base.lproj/LaunchScreen.storyboard; sourceTree = "<group>"; };
		3B3641511FF26ED7002F10EF /* Info.plist */ = {isa = PBXFileReference; lastKnownFileType = text.plist.xml; path = Info.plist; sourceTree = "<group>"; };
		3B3641571FF2AABE002F10EF /* Concentration.swift */ = {isa = PBXFileReference; lastKnownFileType = sourcecode.swift; path = Concentration.swift; sourceTree = "<group>"; };
		3B36415A1FF2ABB5002F10EF /* Card.swift */ = {isa = PBXFileReference; lastKnownFileType = sourcecode.swift; path = Card.swift; sourceTree = "<group>"; };
		3BA6E3B01FFA357C000BFA1D /* ConcentrationThemeChooserViewController.swift */ = {isa = PBXFileReference; lastKnownFileType = sourcecode.swift; path = ConcentrationThemeChooserViewController.swift; sourceTree = "<group>"; };
/* End PBXFileReference section */

/* Begin PBXFrameworksBuildPhase section */
		3B36413F1FF26ED7002F10EF /* Frameworks */ = {
			isa = PBXFrameworksBuildPhase;
			buildActionMask = 2147483647;
			files = (
			);
			runOnlyForDeploymentPostprocessing = 0;
		};
/* End PBXFrameworksBuildPhase section */

/* Begin PBXGroup section */
		3B3641391FF26ED7002F10EF = {
			isa = PBXGroup;
			children = (
				3B3641441FF26ED7002F10EF /* Concentration */,
				3B3641431FF26ED7002F10EF /* Products */,
			);
			sourceTree = "<group>";
		};
		3B3641431FF26ED7002F10EF /* Products */ = {
			isa = PBXGroup;
			children = (
				3B3641421FF26ED7002F10EF /* Concentration.app */,
			);
			name = Products;
			sourceTree = "<group>";
		};
		3B3641441FF26ED7002F10EF /* Concentration */ = {
			isa = PBXGroup;
			children = (
				3B3641591FF2AAC4002F10EF /* Supporting Files */,
				3B3641471FF26ED7002F10EF /* ConcentrationViewController.swift */,
				3B3641571FF2AABE002F10EF /* Concentration.swift */,
				3B36415A1FF2ABB5002F10EF /* Card.swift */,
				3B3641491FF26ED7002F10EF /* Main.storyboard */,
				3BA6E3B01FFA357C000BFA1D /* ConcentrationThemeChooserViewController.swift */,
				3B3641511FF26ED7002F10EF /* Info.plist */,
			);
			path = Concentration;
			sourceTree = "<group>";
		};
		3B3641591FF2AAC4002F10EF /* Supporting Files */ = {
			isa = PBXGroup;
			children = (
				3B36414C1FF26ED7002F10EF /* Assets.xcassets */,
				3B36414E1FF26ED7002F10EF /* LaunchScreen.storyboard */,
				3B3641451FF26ED7002F10EF /* AppDelegate.swift */,
			);
			path = "Supporting Files";
			sourceTree = "<group>";
		};
/* End PBXGroup section */

/* Begin PBXNativeTarget section */
		3B3641411FF26ED7002F10EF /* Concentration */ = {
			isa = PBXNativeTarget;
			buildConfigurationList = 3B3641541FF26ED7002F10EF /* Build configuration list for PBXNativeTarget "Concentration" */;
			buildPhases = (
				3B36413E1FF26ED7002F10EF /* Sources */,
				3B36413F1FF26ED7002F10EF /* Frameworks */,
				3B3641401FF26ED7002F10EF /* Resources */,
			);
			buildRules = (
			);
			dependencies = (
			);
			name = Concentration;
			productName = Concentration;
			productReference = 3B3641421FF26ED7002F10EF /* Concentration.app */;
			productType = "com.apple.product-type.application";
		};
/* End PBXNativeTarget section */

/* Begin PBXProject section */
		3B36413A1FF26ED7002F10EF /* Project object */ = {
			isa = PBXProject;
			attributes = {
				LastSwiftUpdateCheck = 0920;
				LastUpgradeCheck = 0920;
				ORGANIZATIONNAME = jamfly;
				TargetAttributes = {
					3B3641411FF26ED7002F10EF = {
						CreatedOnToolsVersion = 9.2;
						ProvisioningStyle = Automatic;
					};
				};
			};
			buildConfigurationList = 3B36413D1FF26ED7002F10EF /* Build configuration list for PBXProject "Concentration" */;
			compatibilityVersion = "Xcode 8.0";
			developmentRegion = en;
			hasScannedForEncodings = 0;
			knownRegions = (
				en,
				Base,
			);
			mainGroup = 3B3641391FF26ED7002F10EF;
			productRefGroup = 3B3641431FF26ED7002F10EF /* Products */;
			projectDirPath = "";
			projectRoot = "";
			targets = (
				3B3641411FF26ED7002F10EF /* Concentration */,
			);
		};
/* End PBXProject section */

/* Begin PBXResourcesBuildPhase section */
		3B3641401FF26ED7002F10EF /* Resources */ = {
			isa = PBXResourcesBuildPhase;
			buildActionMask = 2147483647;
			files = (
				3B3641501FF26ED7002F10EF /* LaunchScreen.storyboard in Resources */,
				3B36414D1FF26ED7002F10EF /* Assets.xcassets in Resources */,
				3B36414B1FF26ED7002F10EF /* Main.storyboard in Resources */,
			);
			runOnlyForDeploymentPostprocessing = 0;
		};
/* End PBXResourcesBuildPhase section */

/* Begin PBXSourcesBuildPhase section */
		3B36413E1FF26ED7002F10EF /* Sources */ = {
			isa = PBXSourcesBuildPhase;
			buildActionMask = 2147483647;
			files = (
				3BA6E3B11FFA357C000BFA1D /* ConcentrationThemeChooserViewController.swift in Sources */,
				3B3641481FF26ED7002F10EF /* ConcentrationViewController.swift in Sources */,
				3B3641461FF26ED7002F10EF /* AppDelegate.swift in Sources */,
				3B3641581FF2AABE002F10EF /* Concentration.swift in Sources */,
				3B36415B1FF2ABB5002F10EF /* Card.swift in Sources */,
			);
			runOnlyForDeploymentPostprocessing = 0;
		};
/* End PBXSourcesBuildPhase section */

/* Begin PBXVariantGroup section */
		3B3641491FF26ED7002F10EF /* Main.storyboard */ = {
			isa = PBXVariantGroup;
			children = (
				3B36414A1FF26ED7002F10EF /* Base */,
			);
			name = Main.storyboard;
			sourceTree = "<group>";
		};
		3B36414E1FF26ED7002F10EF /* LaunchScreen.storyboard */ = {
			isa = PBXVariantGroup;
			children = (
				3B36414F1FF26ED7002F10EF /* Base */,
			);
			name = LaunchScreen.storyboard;
			sourceTree = "<group>";
		};
/* End PBXVariantGroup section */

/* Begin XCBuildConfiguration section */
		3B3641521FF26ED7002F10EF /* Debug */ = {
			isa = XCBuildConfiguration;
			buildSettings = {
				ALWAYS_SEARCH_USER_PATHS = NO;
				CLANG_ANALYZER_NONNULL = YES;
				CLANG_ANALYZER_NUMBER_OBJECT_CONVERSION = YES_AGGRESSIVE;
				CLANG_CXX_LANGUAGE_STANDARD = "gnu++14";
				CLANG_CXX_LIBRARY = "libc++";
				CLANG_ENABLE_MODULES = YES;
				CLANG_ENABLE_OBJC_ARC = YES;
				CLANG_WARN_BLOCK_CAPTURE_AUTORELEASING = YES;
				CLANG_WARN_BOOL_CONVERSION = YES;
				CLANG_WARN_COMMA = YES;
				CLANG_WARN_CONSTANT_CONVERSION = YES;
				CLANG_WARN_DIRECT_OBJC_ISA_USAGE = YES_ERROR;
				CLANG_WARN_DOCUMENTATION_COMMENTS = YES;
				CLANG_WARN_EMPTY_BODY = YES;
				CLANG_WARN_ENUM_CONVERSION = YES;
				CLANG_WARN_INFINITE_RECURSION = YES;
				CLANG_WARN_INT_CONVERSION = YES;
				CLANG_WARN_NON_LITERAL_NULL_CONVERSION = YES;
				CLANG_WARN_OBJC_LITERAL_CONVERSION = YES;
				CLANG_WARN_OBJC_ROOT_CLASS = YES_ERROR;
				CLANG_WARN_RANGE_LOOP_ANALYSIS = YES;
				CLANG_WARN_STRICT_PROTOTYPES = YES;
				CLANG_WARN_SUSPICIOUS_MOVE = YES;
				CLANG_WARN_UNGUARDED_AVAILABILITY = YES_AGGRESSIVE;
				CLANG_WARN_UNREACHABLE_CODE = YES;
				CLANG_WARN__DUPLICATE_METHOD_MATCH = YES;
				CODE_SIGN_IDENTITY = "iPhone Developer";
				COPY_PHASE_STRIP = NO;
				DEBUG_INFORMATION_FORMAT = dwarf;
				ENABLE_STRICT_OBJC_MSGSEND = YES;
				ENABLE_TESTABILITY = YES;
				GCC_C_LANGUAGE_STANDARD = gnu11;
				GCC_DYNAMIC_NO_PIC = NO;
				GCC_NO_COMMON_BLOCKS = YES;
				GCC_OPTIMIZATION_LEVEL = 0;
				GCC_PREPROCESSOR_DEFINITIONS = (
					"DEBUG=1",
					"$(inherited)",
				);
				GCC_WARN_64_TO_32_BIT_CONVERSION = YES;
				GCC_WARN_ABOUT_RETURN_TYPE = YES_ERROR;
				GCC_WARN_UNDECLARED_SELECTOR = YES;
				GCC_WARN_UNINITIALIZED_AUTOS = YES_AGGRESSIVE;
				GCC_WARN_UNUSED_FUNCTION = YES;
				GCC_WARN_UNUSED_VARIABLE = YES;
				IPHONEOS_DEPLOYMENT_TARGET = 11.2;
				MTL_ENABLE_DEBUG_INFO = YES;
				ONLY_ACTIVE_ARCH = YES;
				SDKROOT = iphoneos;
				SWIFT_ACTIVE_COMPILATION_CONDITIONS = DEBUG;
				SWIFT_OPTIMIZATION_LEVEL = "-Onone";
			};
			name = Debug;
		};
		3B3641531FF26ED7002F10EF /* Release */ = {
			isa = XCBuildConfiguration;
			buildSettings = {
				ALWAYS_SEARCH_USER_PATHS = NO;
				CLANG_ANALYZER_NONNULL = YES;
				CLANG_ANALYZER_NUMBER_OBJECT_CONVERSION = YES_AGGRESSIVE;
				CLANG_CXX_LANGUAGE_STANDARD = "gnu++14";
				CLANG_CXX_LIBRARY = "libc++";
				CLANG_ENABLE_MODULES = YES;
				CLANG_ENABLE_OBJC_ARC = YES;
				CLANG_WARN_BLOCK_CAPTURE_AUTORELEASING = YES;
				CLANG_WARN_BOOL_CONVERSION = YES;
				CLANG_WARN_COMMA = YES;
				CLANG_WARN_CONSTANT_CONVERSION = YES;
				CLANG_WARN_DIRECT_OBJC_ISA_USAGE = YES_ERROR;
				CLANG_WARN_DOCUMENTATION_COMMENTS = YES;
				CLANG_WARN_EMPTY_BODY = YES;
				CLANG_WARN_ENUM_CONVERSION = YES;
				CLANG_WARN_INFINITE_RECURSION = YES;
				CLANG_WARN_INT_CONVERSION = YES;
				CLANG_WARN_NON_LITERAL_NULL_CONVERSION = YES;
				CLANG_WARN_OBJC_LITERAL_CONVERSION = YES;
				CLANG_WARN_OBJC_ROOT_CLASS = YES_ERROR;
				CLANG_WARN_RANGE_LOOP_ANALYSIS = YES;
				CLANG_WARN_STRICT_PROTOTYPES = YES;
				CLANG_WARN_SUSPICIOUS_MOVE = YES;
				CLANG_WARN_UNGUARDED_AVAILABILITY = YES_AGGRESSIVE;
				CLANG_WARN_UNREACHABLE_CODE = YES;
				CLANG_WARN__DUPLICATE_METHOD_MATCH = YES;
				CODE_SIGN_IDENTITY = "iPhone Developer";
				COPY_PHASE_STRIP = NO;
				DEBUG_INFORMATION_FORMAT = "dwarf-with-dsym";
				ENABLE_NS_ASSERTIONS = NO;
				ENABLE_STRICT_OBJC_MSGSEND = YES;
				GCC_C_LANGUAGE_STANDARD = gnu11;
				GCC_NO_COMMON_BLOCKS = YES;
				GCC_WARN_64_TO_32_BIT_CONVERSION = YES;
				GCC_WARN_ABOUT_RETURN_TYPE = YES_ERROR;
				GCC_WARN_UNDECLARED_SELECTOR = YES;
				GCC_WARN_UNINITIALIZED_AUTOS = YES_AGGRESSIVE;
				GCC_WARN_UNUSED_FUNCTION = YES;
				GCC_WARN_UNUSED_VARIABLE = YES;
				IPHONEOS_DEPLOYMENT_TARGET = 11.2;
				MTL_ENABLE_DEBUG_INFO = NO;
				SDKROOT = iphoneos;
				SWIFT_OPTIMIZATION_LEVEL = "-Owholemodule";
				VALIDATE_PRODUCT = YES;
			};
			name = Release;
		};
		3B3641551FF26ED7002F10EF /* Debug */ = {
			isa = XCBuildConfiguration;
			buildSettings = {
				ASSETCATALOG_COMPILER_APPICON_NAME = AppIcon;
				CODE_SIGN_STYLE = Automatic;
				DEVELOPMENT_TEAM = JN4N46RBA6;
				INFOPLIST_FILE = Concentration/Info.plist;
				LD_RUNPATH_SEARCH_PATHS = "$(inherited) @executable_path/Frameworks";
				PRODUCT_BUNDLE_IDENTIFIER = jamfly.Concentration;
				PRODUCT_NAME = "$(TARGET_NAME)";
				SWIFT_VERSION = 4.0;
				TARGETED_DEVICE_FAMILY = "1,2";
			};
			name = Debug;
		};
		3B3641561FF26ED7002F10EF /* Release */ = {
			isa = XCBuildConfiguration;
			buildSettings = {
				ASSETCATALOG_COMPILER_APPICON_NAME = AppIcon;
				CODE_SIGN_STYLE = Automatic;
				DEVELOPMENT_TEAM = JN4N46RBA6;
				INFOPLIST_FILE = Concentration/Info.plist;
				LD_RUNPATH_SEARCH_PATHS = "$(inherited) @executable_path/Frameworks";
				PRODUCT_BUNDLE_IDENTIFIER = jamfly.Concentration;
				PRODUCT_NAME = "$(TARGET_NAME)";
				SWIFT_VERSION = 4.0;
				TARGETED_DEVICE_FAMILY = "1,2";
			};
			name = Release;
		};
/* End XCBuildConfiguration section */

/* Begin XCConfigurationList section */
		3B36413D1FF26ED7002F10EF /* Build configuration list for PBXProject "Concentration" */ = {
			isa = XCConfigurationList;
			buildConfigurations = (
				3B3641521FF26ED7002F10EF /* Debug */,
				3B3641531FF26ED7002F10EF /* Release */,
			);
			defaultConfigurationIsVisible = 0;
			defaultConfigurationName = Release;
		};
		3B3641541FF26ED7002F10EF /* Build configuration list for PBXNativeTarget "Concentration" */ = {
			isa = XCConfigurationList;
			buildConfigurations = (
				3B3641551FF26ED7002F10EF /* Debug */,
				3B3641561FF26ED7002F10EF /* Release */,
			);
			defaultConfigurationIsVisible = 0;
			defaultConfigurationName = Release;
		};
/* End XCConfigurationList section */
	};
	rootObject = 3B36413A1FF26ED7002F10EF /* Project object */;
}
