// !$*UTF8*$!
{
	archiveVersion = 1;
	classes = {
	};
	objectVersion = 48;
	objects = {

/* Begin PBXBuildFile section */
		3B6DEB952019C1A1002C5DB7 /* Utilities.swift in Sources */ = {isa = PBXBuildFile; fileRef = 3B6DEB942019C1A1002C5DB7 /* Utilities.swift */; };
		3B82380720031D6E00CE8742 /* EmojiArtView+Gestures.swift in Sources */ = {isa = PBXBuildFile; fileRef = 3B82380620031D6E00CE8742 /* EmojiArtView+Gestures.swift */; };
		3B8CFD8D2001E85400C4A2F0 /* AppDelegate.swift in Sources */ = {isa = PBXBuildFile; fileRef = 3B8CFD8C2001E85400C4A2F0 /* AppDelegate.swift */; };
		3B8CFD922001E85400C4A2F0 /* Main.storyboard in Resources */ = {isa = PBXBuildFile; fileRef = 3B8CFD902001E85400C4A2F0 /* Main.storyboard */; };
		3B8CFD942001E85400C4A2F0 /* Assets.xcassets in Resources */ = {isa = PBXBuildFile; fileRef = 3B8CFD932001E85400C4A2F0 /* Assets.xcassets */; };
		3B8CFD972001E85400C4A2F0 /* LaunchScreen.storyboard in Resources */ = {isa = PBXBuildFile; fileRef = 3B8CFD952001E85400C4A2F0 /* LaunchScreen.storyboard */; };
		3B8CFDA02001E89F00C4A2F0 /* EmojiArtViewController.swift in Sources */ = {isa = PBXBuildFile; fileRef = 3B8CFD9F2001E89F00C4A2F0 /* EmojiArtViewController.swift */; };
		3B8CFDA22001E8D000C4A2F0 /* EmojiArtView.swift in Sources */ = {isa = PBXBuildFile; fileRef = 3B8CFDA12001E8D000C4A2F0 /* EmojiArtView.swift */; };
		3BBF60A7200265690038267B /* EmojiArtDocumentTableViewController.swift in Sources */ = {isa = PBXBuildFile; fileRef = 3BBF60A6200265690038267B /* EmojiArtDocumentTableViewController.swift */; };
		3BBF60A9200278B50038267B /* EmojiCollectionViewCell.swift in Sources */ = {isa = PBXBuildFile; fileRef = 3BBF60A8200278B50038267B /* EmojiCollectionViewCell.swift */; };
/* End PBXBuildFile section */

/* Begin PBXFileReference section */
		3B6DEB942019C1A1002C5DB7 /* Utilities.swift */ = {isa = PBXFileReference; fileEncoding = 4; lastKnownFileType = sourcecode.swift; name = Utilities.swift; path = "../../../../Additional items/Utilities.swift"; sourceTree = "<group>"; };
		3B82380620031D6E00CE8742 /* EmojiArtView+Gestures.swift */ = {isa = PBXFileReference; fileEncoding = 4; lastKnownFileType = sourcecode.swift; name = "EmojiArtView+Gestures.swift"; path = "../../../../Additional items/EmojiArtView+Gestures.swift"; sourceTree = "<group>"; };
		3B8CFD892001E85400C4A2F0 /* EmojiArt.app */ = {isa = PBXFileReference; explicitFileType = wrapper.application; includeInIndex = 0; path = EmojiArt.app; sourceTree = BUILT_PRODUCTS_DIR; };
		3B8CFD8C2001E85400C4A2F0 /* AppDelegate.swift */ = {isa = PBXFileReference; lastKnownFileType = sourcecode.swift; path = AppDelegate.swift; sourceTree = "<group>"; };
		3B8CFD912001E85400C4A2F0 /* Base */ = {isa = PBXFileReference; lastKnownFileType = file.storyboard; name = Base; path = Base.lproj/Main.storyboard; sourceTree = "<group>"; };
		3B8CFD932001E85400C4A2F0 /* Assets.xcassets */ = {isa = PBXFileReference; lastKnownFileType = folder.assetcatalog; path = Assets.xcassets; sourceTree = "<group>"; };
		3B8CFD962001E85400C4A2F0 /* Base */ = {isa = PBXFileReference; lastKnownFileType = file.storyboard; name = Base; path = Base.lproj/LaunchScreen.storyboard; sourceTree = "<group>"; };
		3B8CFD982001E85400C4A2F0 /* Info.plist */ = {isa = PBXFileReference; lastKnownFileType = text.plist.xml; path = Info.plist; sourceTree = "<group>"; };
		3B8CFD9F2001E89F00C4A2F0 /* EmojiArtViewController.swift */ = {isa = PBXFileReference; lastKnownFileType = sourcecode.swift; path = EmojiArtViewController.swift; sourceTree = "<group>"; };
		3B8CFDA12001E8D000C4A2F0 /* EmojiArtView.swift */ = {isa = PBXFileReference; lastKnownFileType = sourcecode.swift; path = EmojiArtView.swift; sourceTree = "<group>"; };
		3BBF60A6200265690038267B /* EmojiArtDocumentTableViewController.swift */ = {isa = PBXFileReference; lastKnownFileType = sourcecode.swift; path = EmojiArtDocumentTableViewController.swift; sourceTree = "<group>"; };
		3BBF60A8200278B50038267B /* EmojiCollectionViewCell.swift */ = {isa = PBXFileReference; lastKnownFileType = sourcecode.swift; path = EmojiCollectionViewCell.swift; sourceTree = "<group>"; };
/* End PBXFileReference section */

/* Begin PBXFrameworksBuildPhase section */
		3B8CFD862001E85400C4A2F0 /* Frameworks */ = {
			isa = PBXFrameworksBuildPhase;
			buildActionMask = 2147483647;
			files = (
			);
			runOnlyForDeploymentPostprocessing = 0;
		};
/* End PBXFrameworksBuildPhase section */

/* Begin PBXGroup section */
		3B8CFD802001E85400C4A2F0 = {
			isa = PBXGroup;
			children = (
				3B8CFD8B2001E85400C4A2F0 /* EmojiArt */,
				3B8CFD8A2001E85400C4A2F0 /* Products */,
			);
			sourceTree = "<group>";
		};
		3B8CFD8A2001E85400C4A2F0 /* Products */ = {
			isa = PBXGroup;
			children = (
				3B8CFD892001E85400C4A2F0 /* EmojiArt.app */,
			);
			name = Products;
			sourceTree = "<group>";
		};
		3B8CFD8B2001E85400C4A2F0 /* EmojiArt */ = {
			isa = PBXGroup;
			children = (
				3B6DEB942019C1A1002C5DB7 /* Utilities.swift */,
				3B82380620031D6E00CE8742 /* EmojiArtView+Gestures.swift */,
				3BBF60A6200265690038267B /* EmojiArtDocumentTableViewController.swift */,
				3B8CFDA12001E8D000C4A2F0 /* EmojiArtView.swift */,
				3B8CFD9F2001E89F00C4A2F0 /* EmojiArtViewController.swift */,
				3BBF60A8200278B50038267B /* EmojiCollectionViewCell.swift */,
				3B8CFD902001E85400C4A2F0 /* Main.storyboard */,
				3B8CFD9E2001E86B00C4A2F0 /* Suppoeting Files */,
				3B8CFD982001E85400C4A2F0 /* Info.plist */,
			);
			path = EmojiArt;
			sourceTree = "<group>";
		};
		3B8CFD9E2001E86B00C4A2F0 /* Suppoeting Files */ = {
			isa = PBXGroup;
			children = (
				3B8CFD8C2001E85400C4A2F0 /* AppDelegate.swift */,
				3B8CFD952001E85400C4A2F0 /* LaunchScreen.storyboard */,
				3B8CFD932001E85400C4A2F0 /* Assets.xcassets */,
			);
			path = "Suppoeting Files";
			sourceTree = "<group>";
		};
/* End PBXGroup section */

/* Begin PBXNativeTarget section */
		3B8CFD882001E85400C4A2F0 /* EmojiArt */ = {
			isa = PBXNativeTarget;
			buildConfigurationList = 3B8CFD9B2001E85400C4A2F0 /* Build configuration list for PBXNativeTarget "EmojiArt" */;
			buildPhases = (
				3B8CFD852001E85400C4A2F0 /* Sources */,
				3B8CFD862001E85400C4A2F0 /* Frameworks */,
				3B8CFD872001E85400C4A2F0 /* Resources */,
			);
			buildRules = (
			);
			dependencies = (
			);
			name = EmojiArt;
			productName = EmojiArt;
			productReference = 3B8CFD892001E85400C4A2F0 /* EmojiArt.app */;
			productType = "com.apple.product-type.application";
		};
/* End PBXNativeTarget section */

/* Begin PBXProject section */
		3B8CFD812001E85400C4A2F0 /* Project object */ = {
			isa = PBXProject;
			attributes = {
				LastSwiftUpdateCheck = 0920;
				LastUpgradeCheck = 0920;
				ORGANIZATIONNAME = jamfly;
				TargetAttributes = {
					3B8CFD882001E85400C4A2F0 = {
						CreatedOnToolsVersion = 9.2;
						ProvisioningStyle = Automatic;
					};
				};
			};
			buildConfigurationList = 3B8CFD842001E85400C4A2F0 /* Build configuration list for PBXProject "EmojiArt" */;
			compatibilityVersion = "Xcode 8.0";
			developmentRegion = en;
			hasScannedForEncodings = 0;
			knownRegions = (
				en,
				Base,
			);
			mainGroup = 3B8CFD802001E85400C4A2F0;
			productRefGroup = 3B8CFD8A2001E85400C4A2F0 /* Products */;
			projectDirPath = "";
			projectRoot = "";
			targets = (
				3B8CFD882001E85400C4A2F0 /* EmojiArt */,
			);
		};
/* End PBXProject section */

/* Begin PBXResourcesBuildPhase section */
		3B8CFD872001E85400C4A2F0 /* Resources */ = {
			isa = PBXResourcesBuildPhase;
			buildActionMask = 2147483647;
			files = (
				3B8CFD972001E85400C4A2F0 /* LaunchScreen.storyboard in Resources */,
				3B8CFD942001E85400C4A2F0 /* Assets.xcassets in Resources */,
				3B8CFD922001E85400C4A2F0 /* Main.storyboard in Resources */,
			);
			runOnlyForDeploymentPostprocessing = 0;
		};
/* End PBXResourcesBuildPhase section */

/* Begin PBXSourcesBuildPhase section */
		3B8CFD852001E85400C4A2F0 /* Sources */ = {
			isa = PBXSourcesBuildPhase;
			buildActionMask = 2147483647;
			files = (
				3B8CFD8D2001E85400C4A2F0 /* AppDelegate.swift in Sources */,
				3B82380720031D6E00CE8742 /* EmojiArtView+Gestures.swift in Sources */,
				3B6DEB952019C1A1002C5DB7 /* Utilities.swift in Sources */,
				3BBF60A9200278B50038267B /* EmojiCollectionViewCell.swift in Sources */,
				3B8CFDA02001E89F00C4A2F0 /* EmojiArtViewController.swift in Sources */,
				3BBF60A7200265690038267B /* EmojiArtDocumentTableViewController.swift in Sources */,
				3B8CFDA22001E8D000C4A2F0 /* EmojiArtView.swift in Sources */,
			);
			runOnlyForDeploymentPostprocessing = 0;
		};
/* End PBXSourcesBuildPhase section */

/* Begin PBXVariantGroup section */
		3B8CFD902001E85400C4A2F0 /* Main.storyboard */ = {
			isa = PBXVariantGroup;
			children = (
				3B8CFD912001E85400C4A2F0 /* Base */,
			);
			name = Main.storyboard;
			sourceTree = "<group>";
		};
		3B8CFD952001E85400C4A2F0 /* LaunchScreen.storyboard */ = {
			isa = PBXVariantGroup;
			children = (
				3B8CFD962001E85400C4A2F0 /* Base */,
			);
			name = LaunchScreen.storyboard;
			sourceTree = "<group>";
		};
/* End PBXVariantGroup section */

/* Begin XCBuildConfiguration section */
		3B8CFD992001E85400C4A2F0 /* Debug */ = {
			isa = XCBuildConfiguration;
			buildSettings = {
				ALWAYS_SEARCH_USER_PATHS = NO;
				CLANG_ANALYZER_NONNULL = YES;
				CLANG_ANALYZER_NUMBER_OBJECT_CONVERSION = YES_AGGRESSIVE;
				CLANG_CXX_LANGUAGE_STANDARD = "gnu++14";
				CLANG_CXX_LIBRARY = "libc++";
				CLANG_ENABLE_MODULES = YES;
				CLANG_ENABLE_OBJC_ARC = YES;
				CLANG_WARN_BLOCK_CAPTURE_AUTORELEASING = YES;
				CLANG_WARN_BOOL_CONVERSION = YES;
				CLANG_WARN_COMMA = YES;
				CLANG_WARN_CONSTANT_CONVERSION = YES;
				CLANG_WARN_DIRECT_OBJC_ISA_USAGE = YES_ERROR;
				CLANG_WARN_DOCUMENTATION_COMMENTS = YES;
				CLANG_WARN_EMPTY_BODY = YES;
				CLANG_WARN_ENUM_CONVERSION = YES;
				CLANG_WARN_INFINITE_RECURSION = YES;
				CLANG_WARN_INT_CONVERSION = YES;
				CLANG_WARN_NON_LITERAL_NULL_CONVERSION = YES;
				CLANG_WARN_OBJC_LITERAL_CONVERSION = YES;
				CLANG_WARN_OBJC_ROOT_CLASS = YES_ERROR;
				CLANG_WARN_RANGE_LOOP_ANALYSIS = YES;
				CLANG_WARN_STRICT_PROTOTYPES = YES;
				CLANG_WARN_SUSPICIOUS_MOVE = YES;
				CLANG_WARN_UNGUARDED_AVAILABILITY = YES_AGGRESSIVE;
				CLANG_WARN_UNREACHABLE_CODE = YES;
				CLANG_WARN__DUPLICATE_METHOD_MATCH = YES;
				CODE_SIGN_IDENTITY = "iPhone Developer";
				COPY_PHASE_STRIP = NO;
				DEBUG_INFORMATION_FORMAT = dwarf;
				ENABLE_STRICT_OBJC_MSGSEND = YES;
				ENABLE_TESTABILITY = YES;
				GCC_C_LANGUAGE_STANDARD = gnu11;
				GCC_DYNAMIC_NO_PIC = NO;
				GCC_NO_COMMON_BLOCKS = YES;
				GCC_OPTIMIZATION_LEVEL = 0;
				GCC_PREPROCESSOR_DEFINITIONS = (
					"DEBUG=1",
					"$(inherited)",
				);
				GCC_WARN_64_TO_32_BIT_CONVERSION = YES;
				GCC_WARN_ABOUT_RETURN_TYPE = YES_ERROR;
				GCC_WARN_UNDECLARED_SELECTOR = YES;
				GCC_WARN_UNINITIALIZED_AUTOS = YES_AGGRESSIVE;
				GCC_WARN_UNUSED_FUNCTION = YES;
				GCC_WARN_UNUSED_VARIABLE = YES;
				IPHONEOS_DEPLOYMENT_TARGET = 11.2;
				MTL_ENABLE_DEBUG_INFO = YES;
				ONLY_ACTIVE_ARCH = YES;
				SDKROOT = iphoneos;
				SWIFT_ACTIVE_COMPILATION_CONDITIONS = DEBUG;
				SWIFT_OPTIMIZATION_LEVEL = "-Onone";
			};
			name = Debug;
		};
		3B8CFD9A2001E85400C4A2F0 /* Release */ = {
			isa = XCBuildConfiguration;
			buildSettings = {
				ALWAYS_SEARCH_USER_PATHS = NO;
				CLANG_ANALYZER_NONNULL = YES;
				CLANG_ANALYZER_NUMBER_OBJECT_CONVERSION = YES_AGGRESSIVE;
				CLANG_CXX_LANGUAGE_STANDARD = "gnu++14";
				CLANG_CXX_LIBRARY = "libc++";
				CLANG_ENABLE_MODULES = YES;
				CLANG_ENABLE_OBJC_ARC = YES;
				CLANG_WARN_BLOCK_CAPTURE_AUTORELEASING = YES;
				CLANG_WARN_BOOL_CONVERSION = YES;
				CLANG_WARN_COMMA = YES;
				CLANG_WARN_CONSTANT_CONVERSION = YES;
				CLANG_WARN_DIRECT_OBJC_ISA_USAGE = YES_ERROR;
				CLANG_WARN_DOCUMENTATION_COMMENTS = YES;
				CLANG_WARN_EMPTY_BODY = YES;
				CLANG_WARN_ENUM_CONVERSION = YES;
				CLANG_WARN_INFINITE_RECURSION = YES;
				CLANG_WARN_INT_CONVERSION = YES;
				CLANG_WARN_NON_LITERAL_NULL_CONVERSION = YES;
				CLANG_WARN_OBJC_LITERAL_CONVERSION = YES;
				CLANG_WARN_OBJC_ROOT_CLASS = YES_ERROR;
				CLANG_WARN_RANGE_LOOP_ANALYSIS = YES;
				CLANG_WARN_STRICT_PROTOTYPES = YES;
				CLANG_WARN_SUSPICIOUS_MOVE = YES;
				CLANG_WARN_UNGUARDED_AVAILABILITY = YES_AGGRESSIVE;
				CLANG_WARN_UNREACHABLE_CODE = YES;
				CLANG_WARN__DUPLICATE_METHOD_MATCH = YES;
				CODE_SIGN_IDENTITY = "iPhone Developer";
				COPY_PHASE_STRIP = NO;
				DEBUG_INFORMATION_FORMAT = "dwarf-with-dsym";
				ENABLE_NS_ASSERTIONS = NO;
				ENABLE_STRICT_OBJC_MSGSEND = YES;
				GCC_C_LANGUAGE_STANDARD = gnu11;
				GCC_NO_COMMON_BLOCKS = YES;
				GCC_WARN_64_TO_32_BIT_CONVERSION = YES;
				GCC_WARN_ABOUT_RETURN_TYPE = YES_ERROR;
				GCC_WARN_UNDECLARED_SELECTOR = YES;
				GCC_WARN_UNINITIALIZED_AUTOS = YES_AGGRESSIVE;
				GCC_WARN_UNUSED_FUNCTION = YES;
				GCC_WARN_UNUSED_VARIABLE = YES;
				IPHONEOS_DEPLOYMENT_TARGET = 11.2;
				MTL_ENABLE_DEBUG_INFO = NO;
				SDKROOT = iphoneos;
				SWIFT_OPTIMIZATION_LEVEL = "-Owholemodule";
				VALIDATE_PRODUCT = YES;
			};
			name = Release;
		};
		3B8CFD9C2001E85400C4A2F0 /* Debug */ = {
			isa = XCBuildConfiguration;
			buildSettings = {
				ASSETCATALOG_COMPILER_APPICON_NAME = AppIcon;
				CODE_SIGN_STYLE = Automatic;
				INFOPLIST_FILE = EmojiArt/Info.plist;
				LD_RUNPATH_SEARCH_PATHS = "$(inherited) @executable_path/Frameworks";
				PRODUCT_BUNDLE_IDENTIFIER = jamfly.EmojiArt;
				PRODUCT_NAME = "$(TARGET_NAME)";
				SWIFT_VERSION = 4.0;
				TARGETED_DEVICE_FAMILY = "1,2";
			};
			name = Debug;
		};
		3B8CFD9D2001E85400C4A2F0 /* Release */ = {
			isa = XCBuildConfiguration;
			buildSettings = {
				ASSETCATALOG_COMPILER_APPICON_NAME = AppIcon;
				CODE_SIGN_STYLE = Automatic;
				INFOPLIST_FILE = EmojiArt/Info.plist;
				LD_RUNPATH_SEARCH_PATHS = "$(inherited) @executable_path/Frameworks";
				PRODUCT_BUNDLE_IDENTIFIER = jamfly.EmojiArt;
				PRODUCT_NAME = "$(TARGET_NAME)";
				SWIFT_VERSION = 4.0;
				TARGETED_DEVICE_FAMILY = "1,2";
			};
			name = Release;
		};
/* End XCBuildConfiguration section */

/* Begin XCConfigurationList section */
		3B8CFD842001E85400C4A2F0 /* Build configuration list for PBXProject "EmojiArt" */ = {
			isa = XCConfigurationList;
			buildConfigurations = (
				3B8CFD992001E85400C4A2F0 /* Debug */,
				3B8CFD9A2001E85400C4A2F0 /* Release */,
			);
			defaultConfigurationIsVisible = 0;
			defaultConfigurationName = Release;
		};
		3B8CFD9B2001E85400C4A2F0 /* Build configuration list for PBXNativeTarget "EmojiArt" */ = {
			isa = XCConfigurationList;
			buildConfigurations = (
				3B8CFD9C2001E85400C4A2F0 /* Debug */,
				3B8CFD9D2001E85400C4A2F0 /* Release */,
			);
			defaultConfigurationIsVisible = 0;
			defaultConfigurationName = Release;
		};
/* End XCConfigurationList section */
	};
	rootObject = 3B8CFD812001E85400C4A2F0 /* Project object */;
}
