// !$*UTF8*$!
{
	archiveVersion = 1;
	classes = {
	};
	objectVersion = 48;
	objects = {

/* Begin PBXBuildFile section */
		EC3C0A361FCF8F5300678B4A /* CMMotionManager+shared.swift in Sources */ = {isa = PBXBuildFile; fileRef = EC3C0A351FCF8F5300678B4A /* CMMotionManager+shared.swift */; };
		EC83D9FC1F982BC00058A21A /* CardBehavior.swift in Sources */ = {isa = PBXBuildFile; fileRef = EC83D9FB1F982BC00058A21A /* CardBehavior.swift */; };
		ECC034241F8EE1EF00C75102 /* PlayingCardView.swift in Sources */ = {isa = PBXBuildFile; fileRef = ECC034231F8EE1EF00C75102 /* PlayingCardView.swift */; };
		ECC83D701F8C4E78007F751F /* AppDelegate.swift in Sources */ = {isa = PBXBuildFile; fileRef = ECC83D6F1F8C4E78007F751F /* AppDelegate.swift */; };
		ECC83D721F8C4E78007F751F /* ViewController.swift in Sources */ = {isa = PBXBuildFile; fileRef = ECC83D711F8C4E78007F751F /* ViewController.swift */; };
		ECC83D751F8C4E78007F751F /* Main.storyboard in Resources */ = {isa = PBXBuildFile; fileRef = ECC83D731F8C4E78007F751F /* Main.storyboard */; };
		ECC83D771F8C4E78007F751F /* Assets.xcassets in Resources */ = {isa = PBXBuildFile; fileRef = ECC83D761F8C4E78007F751F /* Assets.xcassets */; };
		ECC83D7A1F8C4E78007F751F /* LaunchScreen.storyboard in Resources */ = {isa = PBXBuildFile; fileRef = ECC83D781F8C4E78007F751F /* LaunchScreen.storyboard */; };
		ECC83D831F8C4EB6007F751F /* PlayingCard.swift in Sources */ = {isa = PBXBuildFile; fileRef = ECC83D821F8C4EB6007F751F /* PlayingCard.swift */; };
		ECC83D851F8C510B007F751F /* PlayingCardDeck.swift in Sources */ = {isa = PBXBuildFile; fileRef = ECC83D841F8C510B007F751F /* PlayingCardDeck.swift */; };
/* End PBXBuildFile section */

/* Begin PBXFileReference section */
		EC3C0A351FCF8F5300678B4A /* CMMotionManager+shared.swift */ = {isa = PBXFileReference; lastKnownFileType = sourcecode.swift; path = "CMMotionManager+shared.swift"; sourceTree = "<group>"; };
		EC83D9FB1F982BC00058A21A /* CardBehavior.swift */ = {isa = PBXFileReference; lastKnownFileType = sourcecode.swift; path = CardBehavior.swift; sourceTree = "<group>"; };
		ECC034231F8EE1EF00C75102 /* PlayingCardView.swift */ = {isa = PBXFileReference; lastKnownFileType = sourcecode.swift; path = PlayingCardView.swift; sourceTree = "<group>"; };
		ECC83D6C1F8C4E78007F751F /* PlayingCard.app */ = {isa = PBXFileReference; explicitFileType = wrapper.application; includeInIndex = 0; path = PlayingCard.app; sourceTree = BUILT_PRODUCTS_DIR; };
		ECC83D6F1F8C4E78007F751F /* AppDelegate.swift */ = {isa = PBXFileReference; lastKnownFileType = sourcecode.swift; path = AppDelegate.swift; sourceTree = "<group>"; };
		ECC83D711F8C4E78007F751F /* ViewController.swift */ = {isa = PBXFileReference; lastKnownFileType = sourcecode.swift; path = ViewController.swift; sourceTree = "<group>"; };
		ECC83D741F8C4E78007F751F /* Base */ = {isa = PBXFileReference; lastKnownFileType = file.storyboard; name = Base; path = Base.lproj/Main.storyboard; sourceTree = "<group>"; };
		ECC83D761F8C4E78007F751F /* Assets.xcassets */ = {isa = PBXFileReference; lastKnownFileType = folder.assetcatalog; path = Assets.xcassets; sourceTree = "<group>"; };
		ECC83D791F8C4E78007F751F /* Base */ = {isa = PBXFileReference; lastKnownFileType = file.storyboard; name = Base; path = Base.lproj/LaunchScreen.storyboard; sourceTree = "<group>"; };
		ECC83D7B1F8C4E78007F751F /* Info.plist */ = {isa = PBXFileReference; lastKnownFileType = text.plist.xml; path = Info.plist; sourceTree = "<group>"; };
		ECC83D821F8C4EB6007F751F /* PlayingCard.swift */ = {isa = PBXFileReference; lastKnownFileType = sourcecode.swift; path = PlayingCard.swift; sourceTree = "<group>"; };
		ECC83D841F8C510B007F751F /* PlayingCardDeck.swift */ = {isa = PBXFileReference; lastKnownFileType = sourcecode.swift; path = PlayingCardDeck.swift; sourceTree = "<group>"; };
/* End PBXFileReference section */

/* Begin PBXFrameworksBuildPhase section */
		ECC83D691F8C4E78007F751F /* Frameworks */ = {
			isa = PBXFrameworksBuildPhase;
			buildActionMask = 2147483647;
			files = (
			);
			runOnlyForDeploymentPostprocessing = 0;
		};
/* End PBXFrameworksBuildPhase section */

/* Begin PBXGroup section */
		EC676BCF1F96EB9400287B62 /* PlayingCard */ = {
			isa = PBXGroup;
			children = (
				ECC034231F8EE1EF00C75102 /* PlayingCardView.swift */,
				ECC83D821F8C4EB6007F751F /* PlayingCard.swift */,
				ECC83D841F8C510B007F751F /* PlayingCardDeck.swift */,
			);
			path = PlayingCard;
			sourceTree = "<group>";
		};
		ECC83D631F8C4E78007F751F = {
			isa = PBXGroup;
			children = (
				ECC83D6E1F8C4E78007F751F /* PlayingCard */,
				ECC83D6D1F8C4E78007F751F /* Products */,
			);
			sourceTree = "<group>";
		};
		ECC83D6D1F8C4E78007F751F /* Products */ = {
			isa = PBXGroup;
			children = (
				ECC83D6C1F8C4E78007F751F /* PlayingCard.app */,
			);
			name = Products;
			sourceTree = "<group>";
		};
		ECC83D6E1F8C4E78007F751F /* PlayingCard */ = {
			isa = PBXGroup;
			children = (
				EC83D9FB1F982BC00058A21A /* CardBehavior.swift */,
				ECC83D711F8C4E78007F751F /* ViewController.swift */,
				EC3C0A351FCF8F5300678B4A /* CMMotionManager+shared.swift */,
				ECC83D811F8C4E8B007F751F /* Supporting Files */,
				ECC83D7B1F8C4E78007F751F /* Info.plist */,
			);
			path = PlayingCard;
			sourceTree = "<group>";
		};
		ECC83D811F8C4E8B007F751F /* Supporting Files */ = {
			isa = PBXGroup;
			children = (
				EC676BCF1F96EB9400287B62 /* PlayingCard */,
				ECC83D731F8C4E78007F751F /* Main.storyboard */,
				ECC83D761F8C4E78007F751F /* Assets.xcassets */,
				ECC83D6F1F8C4E78007F751F /* AppDelegate.swift */,
				ECC83D781F8C4E78007F751F /* LaunchScreen.storyboard */,
			);
			path = "Supporting Files";
			sourceTree = "<group>";
		};
/* End PBXGroup section */

/* Begin PBXNativeTarget section */
		ECC83D6B1F8C4E78007F751F /* PlayingCard */ = {
			isa = PBXNativeTarget;
			buildConfigurationList = ECC83D7E1F8C4E78007F751F /* Build configuration list for PBXNativeTarget "PlayingCard" */;
			buildPhases = (
				ECC83D681F8C4E78007F751F /* Sources */,
				ECC83D691F8C4E78007F751F /* Frameworks */,
				ECC83D6A1F8C4E78007F751F /* Resources */,
			);
			buildRules = (
			);
			dependencies = (
			);
			name = PlayingCard;
			productName = PlayingCard;
			productReference = ECC83D6C1F8C4E78007F751F /* PlayingCard.app */;
			productType = "com.apple.product-type.application";
		};
/* End PBXNativeTarget section */

/* Begin PBXProject section */
		ECC83D641F8C4E78007F751F /* Project object */ = {
			isa = PBXProject;
			attributes = {
				LastSwiftUpdateCheck = 0900;
				LastUpgradeCheck = 0900;
				ORGANIZATIONNAME = "CS193p Instructor";
				TargetAttributes = {
					ECC83D6B1F8C4E78007F751F = {
						CreatedOnToolsVersion = 9.0;
						ProvisioningStyle = Automatic;
					};
				};
			};
			buildConfigurationList = ECC83D671F8C4E78007F751F /* Build configuration list for PBXProject "PlayingCard" */;
			compatibilityVersion = "Xcode 8.0";
			developmentRegion = en;
			hasScannedForEncodings = 0;
			knownRegions = (
				en,
				Base,
			);
			mainGroup = ECC83D631F8C4E78007F751F;
			productRefGroup = ECC83D6D1F8C4E78007F751F /* Products */;
			projectDirPath = "";
			projectRoot = "";
			targets = (
				ECC83D6B1F8C4E78007F751F /* PlayingCard */,
			);
		};
/* End PBXProject section */

/* Begin PBXResourcesBuildPhase section */
		ECC83D6A1F8C4E78007F751F /* Resources */ = {
			isa = PBXResourcesBuildPhase;
			buildActionMask = 2147483647;
			files = (
				ECC83D7A1F8C4E78007F751F /* LaunchScreen.storyboard in Resources */,
				ECC83D771F8C4E78007F751F /* Assets.xcassets in Resources */,
				ECC83D751F8C4E78007F751F /* Main.storyboard in Resources */,
			);
			runOnlyForDeploymentPostprocessing = 0;
		};
/* End PBXResourcesBuildPhase section */

/* Begin PBXSourcesBuildPhase section */
		ECC83D681F8C4E78007F751F /* Sources */ = {
			isa = PBXSourcesBuildPhase;
			buildActionMask = 2147483647;
			files = (
				ECC83D721F8C4E78007F751F /* ViewController.swift in Sources */,
				ECC83D851F8C510B007F751F /* PlayingCardDeck.swift in Sources */,
				ECC83D831F8C4EB6007F751F /* PlayingCard.swift in Sources */,
				EC3C0A361FCF8F5300678B4A /* CMMotionManager+shared.swift in Sources */,
				ECC034241F8EE1EF00C75102 /* PlayingCardView.swift in Sources */,
				ECC83D701F8C4E78007F751F /* AppDelegate.swift in Sources */,
				EC83D9FC1F982BC00058A21A /* CardBehavior.swift in Sources */,
			);
			runOnlyForDeploymentPostprocessing = 0;
		};
/* End PBXSourcesBuildPhase section */

/* Begin PBXVariantGroup section */
		ECC83D731F8C4E78007F751F /* Main.storyboard */ = {
			isa = PBXVariantGroup;
			children = (
				ECC83D741F8C4E78007F751F /* Base */,
			);
			name = Main.storyboard;
			sourceTree = "<group>";
		};
		ECC83D781F8C4E78007F751F /* LaunchScreen.storyboard */ = {
			isa = PBXVariantGroup;
			children = (
				ECC83D791F8C4E78007F751F /* Base */,
			);
			name = LaunchScreen.storyboard;
			sourceTree = "<group>";
		};
/* End PBXVariantGroup section */

/* Begin XCBuildConfiguration section */
		ECC83D7C1F8C4E78007F751F /* Debug */ = {
			isa = XCBuildConfiguration;
			buildSettings = {
				ALWAYS_SEARCH_USER_PATHS = NO;
				CLANG_ANALYZER_NONNULL = YES;
				CLANG_ANALYZER_NUMBER_OBJECT_CONVERSION = YES_AGGRESSIVE;
				CLANG_CXX_LANGUAGE_STANDARD = "gnu++14";
				CLANG_CXX_LIBRARY = "libc++";
				CLANG_ENABLE_MODULES = YES;
				CLANG_ENABLE_OBJC_ARC = YES;
				CLANG_WARN_BLOCK_CAPTURE_AUTORELEASING = YES;
				CLANG_WARN_BOOL_CONVERSION = YES;
				CLANG_WARN_COMMA = YES;
				CLANG_WARN_CONSTANT_CONVERSION = YES;
				CLANG_WARN_DIRECT_OBJC_ISA_USAGE = YES_ERROR;
				CLANG_WARN_DOCUMENTATION_COMMENTS = YES;
				CLANG_WARN_EMPTY_BODY = YES;
				CLANG_WARN_ENUM_CONVERSION = YES;
				CLANG_WARN_INFINITE_RECURSION = YES;
				CLANG_WARN_INT_CONVERSION = YES;
				CLANG_WARN_NON_LITERAL_NULL_CONVERSION = YES;
				CLANG_WARN_OBJC_LITERAL_CONVERSION = YES;
				CLANG_WARN_OBJC_ROOT_CLASS = YES_ERROR;
				CLANG_WARN_RANGE_LOOP_ANALYSIS = YES;
				CLANG_WARN_STRICT_PROTOTYPES = YES;
				CLANG_WARN_SUSPICIOUS_MOVE = YES;
				CLANG_WARN_UNGUARDED_AVAILABILITY = YES_AGGRESSIVE;
				CLANG_WARN_UNREACHABLE_CODE = YES;
				CLANG_WARN__DUPLICATE_METHOD_MATCH = YES;
				CODE_SIGN_IDENTITY = "iPhone Developer";
				COPY_PHASE_STRIP = NO;
				DEBUG_INFORMATION_FORMAT = dwarf;
				ENABLE_STRICT_OBJC_MSGSEND = YES;
				ENABLE_TESTABILITY = YES;
				GCC_C_LANGUAGE_STANDARD = gnu11;
				GCC_DYNAMIC_NO_PIC = NO;
				GCC_NO_COMMON_BLOCKS = YES;
				GCC_OPTIMIZATION_LEVEL = 0;
				GCC_PREPROCESSOR_DEFINITIONS = (
					"DEBUG=1",
					"$(inherited)",
				);
				GCC_WARN_64_TO_32_BIT_CONVERSION = YES;
				GCC_WARN_ABOUT_RETURN_TYPE = YES_ERROR;
				GCC_WARN_UNDECLARED_SELECTOR = YES;
				GCC_WARN_UNINITIALIZED_AUTOS = YES_AGGRESSIVE;
				GCC_WARN_UNUSED_FUNCTION = YES;
				GCC_WARN_UNUSED_VARIABLE = YES;
				IPHONEOS_DEPLOYMENT_TARGET = 11.0;
				MTL_ENABLE_DEBUG_INFO = YES;
				ONLY_ACTIVE_ARCH = YES;
				SDKROOT = iphoneos;
				SWIFT_ACTIVE_COMPILATION_CONDITIONS = DEBUG;
				SWIFT_OPTIMIZATION_LEVEL = "-Onone";
			};
			name = Debug;
		};
		ECC83D7D1F8C4E78007F751F /* Release */ = {
			isa = XCBuildConfiguration;
			buildSettings = {
				ALWAYS_SEARCH_USER_PATHS = NO;
				CLANG_ANALYZER_NONNULL = YES;
				CLANG_ANALYZER_NUMBER_OBJECT_CONVERSION = YES_AGGRESSIVE;
				CLANG_CXX_LANGUAGE_STANDARD = "gnu++14";
				CLANG_CXX_LIBRARY = "libc++";
				CLANG_ENABLE_MODULES = YES;
				CLANG_ENABLE_OBJC_ARC = YES;
				CLANG_WARN_BLOCK_CAPTURE_AUTORELEASING = YES;
				CLANG_WARN_BOOL_CONVERSION = YES;
				CLANG_WARN_COMMA = YES;
				CLANG_WARN_CONSTANT_CONVERSION = YES;
				CLANG_WARN_DIRECT_OBJC_ISA_USAGE = YES_ERROR;
				CLANG_WARN_DOCUMENTATION_COMMENTS = YES;
				CLANG_WARN_EMPTY_BODY = YES;
				CLANG_WARN_ENUM_CONVERSION = YES;
				CLANG_WARN_INFINITE_RECURSION = YES;
				CLANG_WARN_INT_CONVERSION = YES;
				CLANG_WARN_NON_LITERAL_NULL_CONVERSION = YES;
				CLANG_WARN_OBJC_LITERAL_CONVERSION = YES;
				CLANG_WARN_OBJC_ROOT_CLASS = YES_ERROR;
				CLANG_WARN_RANGE_LOOP_ANALYSIS = YES;
				CLANG_WARN_STRICT_PROTOTYPES = YES;
				CLANG_WARN_SUSPICIOUS_MOVE = YES;
				CLANG_WARN_UNGUARDED_AVAILABILITY = YES_AGGRESSIVE;
				CLANG_WARN_UNREACHABLE_CODE = YES;
				CLANG_WARN__DUPLICATE_METHOD_MATCH = YES;
				CODE_SIGN_IDENTITY = "iPhone Developer";
				COPY_PHASE_STRIP = NO;
				DEBUG_INFORMATION_FORMAT = "dwarf-with-dsym";
				ENABLE_NS_ASSERTIONS = NO;
				ENABLE_STRICT_OBJC_MSGSEND = YES;
				GCC_C_LANGUAGE_STANDARD = gnu11;
				GCC_NO_COMMON_BLOCKS = YES;
				GCC_WARN_64_TO_32_BIT_CONVERSION = YES;
				GCC_WARN_ABOUT_RETURN_TYPE = YES_ERROR;
				GCC_WARN_UNDECLARED_SELECTOR = YES;
				GCC_WARN_UNINITIALIZED_AUTOS = YES_AGGRESSIVE;
				GCC_WARN_UNUSED_FUNCTION = YES;
				GCC_WARN_UNUSED_VARIABLE = YES;
				IPHONEOS_DEPLOYMENT_TARGET = 11.0;
				MTL_ENABLE_DEBUG_INFO = NO;
				SDKROOT = iphoneos;
				SWIFT_OPTIMIZATION_LEVEL = "-Owholemodule";
				VALIDATE_PRODUCT = YES;
			};
			name = Release;
		};
		ECC83D7F1F8C4E78007F751F /* Debug */ = {
			isa = XCBuildConfiguration;
			buildSettings = {
				ASSETCATALOG_COMPILER_APPICON_NAME = AppIcon;
				CODE_SIGN_STYLE = Automatic;
				DEVELOPMENT_TEAM = "";
				INFOPLIST_FILE = PlayingCard/Info.plist;
				LD_RUNPATH_SEARCH_PATHS = "$(inherited) @executable_path/Frameworks";
				PRODUCT_BUNDLE_IDENTIFIER = edu.stanford.cs193p.instructor.PlayingCard;
				PRODUCT_NAME = "$(TARGET_NAME)";
				SWIFT_VERSION = 4.0;
				TARGETED_DEVICE_FAMILY = "1,2";
			};
			name = Debug;
		};
		ECC83D801F8C4E78007F751F /* Release */ = {
			isa = XCBuildConfiguration;
			buildSettings = {
				ASSETCATALOG_COMPILER_APPICON_NAME = AppIcon;
				CODE_SIGN_STYLE = Automatic;
				DEVELOPMENT_TEAM = "";
				INFOPLIST_FILE = PlayingCard/Info.plist;
				LD_RUNPATH_SEARCH_PATHS = "$(inherited) @executable_path/Frameworks";
				PRODUCT_BUNDLE_IDENTIFIER = edu.stanford.cs193p.instructor.PlayingCard;
				PRODUCT_NAME = "$(TARGET_NAME)";
				SWIFT_VERSION = 4.0;
				TARGETED_DEVICE_FAMILY = "1,2";
			};
			name = Release;
		};
/* End XCBuildConfiguration section */

/* Begin XCConfigurationList section */
		ECC83D671F8C4E78007F751F /* Build configuration list for PBXProject "PlayingCard" */ = {
			isa = XCConfigurationList;
			buildConfigurations = (
				ECC83D7C1F8C4E78007F751F /* Debug */,
				ECC83D7D1F8C4E78007F751F /* Release */,
			);
			defaultConfigurationIsVisible = 0;
			defaultConfigurationName = Release;
		};
		ECC83D7E1F8C4E78007F751F /* Build configuration list for PBXNativeTarget "PlayingCard" */ = {
			isa = XCConfigurationList;
			buildConfigurations = (
				ECC83D7F1F8C4E78007F751F /* Debug */,
				ECC83D801F8C4E78007F751F /* Release */,
			);
			defaultConfigurationIsVisible = 0;
			defaultConfigurationName = Release;
		};
/* End XCConfigurationList section */
	};
	rootObject = ECC83D641F8C4E78007F751F /* Project object */;
}
