// !$*UTF8*$!
{
	archiveVersion = 1;
	classes = {
	};
	objectVersion = 48;
	objects = {

/* Begin PBXBuildFile section */
		3B06FCE720087850005B8958 /* SetGrid.swift in Sources */ = {isa = PBXBuildFile; fileRef = 3B06FCE620087850005B8958 /* SetGrid.swift */; };
		3B41569420085FCE001BEF2E /* ObjectView.swift in Sources */ = {isa = PBXBuildFile; fileRef = 3B41569320085FCE001BEF2E /* ObjectView.swift */; };
		3BBE6DCD1FF7CE25001EC047 /* AppDelegate.swift in Sources */ = {isa = PBXBuildFile; fileRef = 3BBE6DCC1FF7CE25001EC047 /* AppDelegate.swift */; };
		3BBE6DCF1FF7CE25001EC047 /* SetViewController.swift in Sources */ = {isa = PBXBuildFile; fileRef = 3BBE6DCE1FF7CE25001EC047 /* SetViewController.swift */; };
		3BBE6DD21FF7CE25001EC047 /* Main.storyboard in Resources */ = {isa = PBXBuildFile; fileRef = 3BBE6DD01FF7CE25001EC047 /* Main.storyboard */; };
		3BBE6DD41FF7CE25001EC047 /* Assets.xcassets in Resources */ = {isa = PBXBuildFile; fileRef = 3BBE6DD31FF7CE25001EC047 /* Assets.xcassets */; };
		3BBE6DD71FF7CE25001EC047 /* LaunchScreen.storyboard in Resources */ = {isa = PBXBuildFile; fileRef = 3BBE6DD51FF7CE25001EC047 /* LaunchScreen.storyboard */; };
		3BBE6DE31FF7D319001EC047 /* Card.swift in Sources */ = {isa = PBXBuildFile; fileRef = 3BBE6DE21FF7D319001EC047 /* Card.swift */; };
		3BBE6DE51FF7D6AC001EC047 /* SetEngine.swift in Sources */ = {isa = PBXBuildFile; fileRef = 3BBE6DE41FF7D6AC001EC047 /* SetEngine.swift */; };
		3BBE6DEA2006236A001EC047 /* CardView.swift in Sources */ = {isa = PBXBuildFile; fileRef = 3BBE6DE92006236A001EC047 /* CardView.swift */; };
		3BBE6DEC20062BA1001EC047 /* SetView.swift in Sources */ = {isa = PBXBuildFile; fileRef = 3BBE6DEB20062BA1001EC047 /* SetView.swift */; };
/* End PBXBuildFile section */

/* Begin PBXFileReference section */
		3B06FCE620087850005B8958 /* SetGrid.swift */ = {isa = PBXFileReference; lastKnownFileType = sourcecode.swift; path = SetGrid.swift; sourceTree = "<group>"; };
		3B41569320085FCE001BEF2E /* ObjectView.swift */ = {isa = PBXFileReference; lastKnownFileType = sourcecode.swift; path = ObjectView.swift; sourceTree = "<group>"; };
		3BBE6DC91FF7CE25001EC047 /* Set.app */ = {isa = PBXFileReference; explicitFileType = wrapper.application; includeInIndex = 0; path = Set.app; sourceTree = BUILT_PRODUCTS_DIR; };
		3BBE6DCC1FF7CE25001EC047 /* AppDelegate.swift */ = {isa = PBXFileReference; lastKnownFileType = sourcecode.swift; path = AppDelegate.swift; sourceTree = "<group>"; };
		3BBE6DCE1FF7CE25001EC047 /* SetViewController.swift */ = {isa = PBXFileReference; lastKnownFileType = sourcecode.swift; path = SetViewController.swift; sourceTree = "<group>"; };
		3BBE6DD11FF7CE25001EC047 /* Base */ = {isa = PBXFileReference; lastKnownFileType = file.storyboard; name = Base; path = Base.lproj/Main.storyboard; sourceTree = "<group>"; };
		3BBE6DD31FF7CE25001EC047 /* Assets.xcassets */ = {isa = PBXFileReference; lastKnownFileType = folder.assetcatalog; path = Assets.xcassets; sourceTree = "<group>"; };
		3BBE6DD61FF7CE25001EC047 /* Base */ = {isa = PBXFileReference; lastKnownFileType = file.storyboard; name = Base; path = Base.lproj/LaunchScreen.storyboard; sourceTree = "<group>"; };
		3BBE6DD81FF7CE25001EC047 /* Info.plist */ = {isa = PBXFileReference; lastKnownFileType = text.plist.xml; path = Info.plist; sourceTree = "<group>"; };
		3BBE6DE21FF7D319001EC047 /* Card.swift */ = {isa = PBXFileReference; lastKnownFileType = sourcecode.swift; path = Card.swift; sourceTree = "<group>"; };
		3BBE6DE41FF7D6AC001EC047 /* SetEngine.swift */ = {isa = PBXFileReference; lastKnownFileType = sourcecode.swift; path = SetEngine.swift; sourceTree = "<group>"; };
		3BBE6DE92006236A001EC047 /* CardView.swift */ = {isa = PBXFileReference; lastKnownFileType = sourcecode.swift; path = CardView.swift; sourceTree = "<group>"; };
		3BBE6DEB20062BA1001EC047 /* SetView.swift */ = {isa = PBXFileReference; lastKnownFileType = sourcecode.swift; path = SetView.swift; sourceTree = "<group>"; };
/* End PBXFileReference section */

/* Begin PBXFrameworksBuildPhase section */
		3BBE6DC61FF7CE25001EC047 /* Frameworks */ = {
			isa = PBXFrameworksBuildPhase;
			buildActionMask = 2147483647;
			files = (
			);
			runOnlyForDeploymentPostprocessing = 0;
		};
/* End PBXFrameworksBuildPhase section */

/* Begin PBXGroup section */
		3BBE6DC01FF7CE25001EC047 = {
			isa = PBXGroup;
			children = (
				3BBE6DCB1FF7CE25001EC047 /* Set */,
				3BBE6DCA1FF7CE25001EC047 /* Products */,
			);
			sourceTree = "<group>";
		};
		3BBE6DCA1FF7CE25001EC047 /* Products */ = {
			isa = PBXGroup;
			children = (
				3BBE6DC91FF7CE25001EC047 /* Set.app */,
			);
			name = Products;
			sourceTree = "<group>";
		};
		3BBE6DCB1FF7CE25001EC047 /* Set */ = {
			isa = PBXGroup;
			children = (
				3BBE6DDE1FF7CE3E001EC047 /* Supporting Files */,
				3BBE6DE820062344001EC047 /* View */,
				3BBE6DDF1FF7CE4F001EC047 /* Models */,
				3BBE6DE11FF7CE5A001EC047 /* Controllers */,
				3BBE6DD01FF7CE25001EC047 /* Main.storyboard */,
				3BBE6DD81FF7CE25001EC047 /* Info.plist */,
			);
			path = Set;
			sourceTree = "<group>";
		};
		3BBE6DDE1FF7CE3E001EC047 /* Supporting Files */ = {
			isa = PBXGroup;
			children = (
				3BBE6DCC1FF7CE25001EC047 /* AppDelegate.swift */,
				3BBE6DD31FF7CE25001EC047 /* Assets.xcassets */,
				3BBE6DD51FF7CE25001EC047 /* LaunchScreen.storyboard */,
			);
			path = "Supporting Files";
			sourceTree = "<group>";
		};
		3BBE6DDF1FF7CE4F001EC047 /* Models */ = {
			isa = PBXGroup;
			children = (
				3BBE6DE21FF7D319001EC047 /* Card.swift */,
				3BBE6DE41FF7D6AC001EC047 /* SetEngine.swift */,
			);
			path = Models;
			sourceTree = "<group>";
		};
		3BBE6DE11FF7CE5A001EC047 /* Controllers */ = {
			isa = PBXGroup;
			children = (
				3BBE6DCE1FF7CE25001EC047 /* SetViewController.swift */,
			);
			path = Controllers;
			sourceTree = "<group>";
		};
		3BBE6DE820062344001EC047 /* View */ = {
			isa = PBXGroup;
			children = (
				3BBE6DEB20062BA1001EC047 /* SetView.swift */,
				3BBE6DE92006236A001EC047 /* CardView.swift */,
				3B41569320085FCE001BEF2E /* ObjectView.swift */,
				3B06FCE620087850005B8958 /* SetGrid.swift */,
			);
			path = View;
			sourceTree = "<group>";
		};
/* End PBXGroup section */

/* Begin PBXNativeTarget section */
		3BBE6DC81FF7CE25001EC047 /* Set */ = {
			isa = PBXNativeTarget;
			buildConfigurationList = 3BBE6DDB1FF7CE25001EC047 /* Build configuration list for PBXNativeTarget "Set" */;
			buildPhases = (
				3BBE6DC51FF7CE25001EC047 /* Sources */,
				3BBE6DC61FF7CE25001EC047 /* Frameworks */,
				3BBE6DC71FF7CE25001EC047 /* Resources */,
			);
			buildRules = (
			);
			dependencies = (
			);
			name = Set;
			productName = Set;
			productReference = 3BBE6DC91FF7CE25001EC047 /* Set.app */;
			productType = "com.apple.product-type.application";
		};
/* End PBXNativeTarget section */

/* Begin PBXProject section */
		3BBE6DC11FF7CE25001EC047 /* Project object */ = {
			isa = PBXProject;
			attributes = {
				LastSwiftUpdateCheck = 0920;
				LastUpgradeCheck = 0920;
				ORGANIZATIONNAME = jamfly;
				TargetAttributes = {
					3BBE6DC81FF7CE25001EC047 = {
						CreatedOnToolsVersion = 9.2;
						ProvisioningStyle = Automatic;
					};
				};
			};
			buildConfigurationList = 3BBE6DC41FF7CE25001EC047 /* Build configuration list for PBXProject "Set" */;
			compatibilityVersion = "Xcode 8.0";
			developmentRegion = en;
			hasScannedForEncodings = 0;
			knownRegions = (
				en,
				Base,
			);
			mainGroup = 3BBE6DC01FF7CE25001EC047;
			productRefGroup = 3BBE6DCA1FF7CE25001EC047 /* Products */;
			projectDirPath = "";
			projectRoot = "";
			targets = (
				3BBE6DC81FF7CE25001EC047 /* Set */,
			);
		};
/* End PBXProject section */

/* Begin PBXResourcesBuildPhase section */
		3BBE6DC71FF7CE25001EC047 /* Resources */ = {
			isa = PBXResourcesBuildPhase;
			buildActionMask = 2147483647;
			files = (
				3BBE6DD71FF7CE25001EC047 /* LaunchScreen.storyboard in Resources */,
				3BBE6DD41FF7CE25001EC047 /* Assets.xcassets in Resources */,
				3BBE6DD21FF7CE25001EC047 /* Main.storyboard in Resources */,
			);
			runOnlyForDeploymentPostprocessing = 0;
		};
/* End PBXResourcesBuildPhase section */

/* Begin PBXSourcesBuildPhase section */
		3BBE6DC51FF7CE25001EC047 /* Sources */ = {
			isa = PBXSourcesBuildPhase;
			buildActionMask = 2147483647;
			files = (
				3BBE6DE51FF7D6AC001EC047 /* SetEngine.swift in Sources */,
				3B41569420085FCE001BEF2E /* ObjectView.swift in Sources */,
				3B06FCE720087850005B8958 /* SetGrid.swift in Sources */,
				3BBE6DEC20062BA1001EC047 /* SetView.swift in Sources */,
				3BBE6DCF1FF7CE25001EC047 /* SetViewController.swift in Sources */,
				3BBE6DE31FF7D319001EC047 /* Card.swift in Sources */,
				3BBE6DCD1FF7CE25001EC047 /* AppDelegate.swift in Sources */,
				3BBE6DEA2006236A001EC047 /* CardView.swift in Sources */,
			);
			runOnlyForDeploymentPostprocessing = 0;
		};
/* End PBXSourcesBuildPhase section */

/* Begin PBXVariantGroup section */
		3BBE6DD01FF7CE25001EC047 /* Main.storyboard */ = {
			isa = PBXVariantGroup;
			children = (
				3BBE6DD11FF7CE25001EC047 /* Base */,
			);
			name = Main.storyboard;
			sourceTree = "<group>";
		};
		3BBE6DD51FF7CE25001EC047 /* LaunchScreen.storyboard */ = {
			isa = PBXVariantGroup;
			children = (
				3BBE6DD61FF7CE25001EC047 /* Base */,
			);
			name = LaunchScreen.storyboard;
			sourceTree = "<group>";
		};
/* End PBXVariantGroup section */

/* Begin XCBuildConfiguration section */
		3BBE6DD91FF7CE25001EC047 /* Debug */ = {
			isa = XCBuildConfiguration;
			buildSettings = {
				ALWAYS_SEARCH_USER_PATHS = NO;
				CLANG_ANALYZER_NONNULL = YES;
				CLANG_ANALYZER_NUMBER_OBJECT_CONVERSION = YES_AGGRESSIVE;
				CLANG_CXX_LANGUAGE_STANDARD = "gnu++14";
				CLANG_CXX_LIBRARY = "libc++";
				CLANG_ENABLE_MODULES = YES;
				CLANG_ENABLE_OBJC_ARC = YES;
				CLANG_WARN_BLOCK_CAPTURE_AUTORELEASING = YES;
				CLANG_WARN_BOOL_CONVERSION = YES;
				CLANG_WARN_COMMA = YES;
				CLANG_WARN_CONSTANT_CONVERSION = YES;
				CLANG_WARN_DIRECT_OBJC_ISA_USAGE = YES_ERROR;
				CLANG_WARN_DOCUMENTATION_COMMENTS = YES;
				CLANG_WARN_EMPTY_BODY = YES;
				CLANG_WARN_ENUM_CONVERSION = YES;
				CLANG_WARN_INFINITE_RECURSION = YES;
				CLANG_WARN_INT_CONVERSION = YES;
				CLANG_WARN_NON_LITERAL_NULL_CONVERSION = YES;
				CLANG_WARN_OBJC_LITERAL_CONVERSION = YES;
				CLANG_WARN_OBJC_ROOT_CLASS = YES_ERROR;
				CLANG_WARN_RANGE_LOOP_ANALYSIS = YES;
				CLANG_WARN_STRICT_PROTOTYPES = YES;
				CLANG_WARN_SUSPICIOUS_MOVE = YES;
				CLANG_WARN_UNGUARDED_AVAILABILITY = YES_AGGRESSIVE;
				CLANG_WARN_UNREACHABLE_CODE = YES;
				CLANG_WARN__DUPLICATE_METHOD_MATCH = YES;
				CODE_SIGN_IDENTITY = "iPhone Developer";
				COPY_PHASE_STRIP = NO;
				DEBUG_INFORMATION_FORMAT = dwarf;
				ENABLE_STRICT_OBJC_MSGSEND = YES;
				ENABLE_TESTABILITY = YES;
				GCC_C_LANGUAGE_STANDARD = gnu11;
				GCC_DYNAMIC_NO_PIC = NO;
				GCC_NO_COMMON_BLOCKS = YES;
				GCC_OPTIMIZATION_LEVEL = 0;
				GCC_PREPROCESSOR_DEFINITIONS = (
					"DEBUG=1",
					"$(inherited)",
				);
				GCC_WARN_64_TO_32_BIT_CONVERSION = YES;
				GCC_WARN_ABOUT_RETURN_TYPE = YES_ERROR;
				GCC_WARN_UNDECLARED_SELECTOR = YES;
				GCC_WARN_UNINITIALIZED_AUTOS = YES_AGGRESSIVE;
				GCC_WARN_UNUSED_FUNCTION = YES;
				GCC_WARN_UNUSED_VARIABLE = YES;
				IPHONEOS_DEPLOYMENT_TARGET = 11.2;
				MTL_ENABLE_DEBUG_INFO = YES;
				ONLY_ACTIVE_ARCH = YES;
				SDKROOT = iphoneos;
				SWIFT_ACTIVE_COMPILATION_CONDITIONS = DEBUG;
				SWIFT_OPTIMIZATION_LEVEL = "-Onone";
			};
			name = Debug;
		};
		3BBE6DDA1FF7CE25001EC047 /* Release */ = {
			isa = XCBuildConfiguration;
			buildSettings = {
				ALWAYS_SEARCH_USER_PATHS = NO;
				CLANG_ANALYZER_NONNULL = YES;
				CLANG_ANALYZER_NUMBER_OBJECT_CONVERSION = YES_AGGRESSIVE;
				CLANG_CXX_LANGUAGE_STANDARD = "gnu++14";
				CLANG_CXX_LIBRARY = "libc++";
				CLANG_ENABLE_MODULES = YES;
				CLANG_ENABLE_OBJC_ARC = YES;
				CLANG_WARN_BLOCK_CAPTURE_AUTORELEASING = YES;
				CLANG_WARN_BOOL_CONVERSION = YES;
				CLANG_WARN_COMMA = YES;
				CLANG_WARN_CONSTANT_CONVERSION = YES;
				CLANG_WARN_DIRECT_OBJC_ISA_USAGE = YES_ERROR;
				CLANG_WARN_DOCUMENTATION_COMMENTS = YES;
				CLANG_WARN_EMPTY_BODY = YES;
				CLANG_WARN_ENUM_CONVERSION = YES;
				CLANG_WARN_INFINITE_RECURSION = YES;
				CLANG_WARN_INT_CONVERSION = YES;
				CLANG_WARN_NON_LITERAL_NULL_CONVERSION = YES;
				CLANG_WARN_OBJC_LITERAL_CONVERSION = YES;
				CLANG_WARN_OBJC_ROOT_CLASS = YES_ERROR;
				CLANG_WARN_RANGE_LOOP_ANALYSIS = YES;
				CLANG_WARN_STRICT_PROTOTYPES = YES;
				CLANG_WARN_SUSPICIOUS_MOVE = YES;
				CLANG_WARN_UNGUARDED_AVAILABILITY = YES_AGGRESSIVE;
				CLANG_WARN_UNREACHABLE_CODE = YES;
				CLANG_WARN__DUPLICATE_METHOD_MATCH = YES;
				CODE_SIGN_IDENTITY = "iPhone Developer";
				COPY_PHASE_STRIP = NO;
				DEBUG_INFORMATION_FORMAT = "dwarf-with-dsym";
				ENABLE_NS_ASSERTIONS = NO;
				ENABLE_STRICT_OBJC_MSGSEND = YES;
				GCC_C_LANGUAGE_STANDARD = gnu11;
				GCC_NO_COMMON_BLOCKS = YES;
				GCC_WARN_64_TO_32_BIT_CONVERSION = YES;
				GCC_WARN_ABOUT_RETURN_TYPE = YES_ERROR;
				GCC_WARN_UNDECLARED_SELECTOR = YES;
				GCC_WARN_UNINITIALIZED_AUTOS = YES_AGGRESSIVE;
				GCC_WARN_UNUSED_FUNCTION = YES;
				GCC_WARN_UNUSED_VARIABLE = YES;
				IPHONEOS_DEPLOYMENT_TARGET = 11.2;
				MTL_ENABLE_DEBUG_INFO = NO;
				SDKROOT = iphoneos;
				SWIFT_OPTIMIZATION_LEVEL = "-Owholemodule";
				VALIDATE_PRODUCT = YES;
			};
			name = Release;
		};
		3BBE6DDC1FF7CE25001EC047 /* Debug */ = {
			isa = XCBuildConfiguration;
			buildSettings = {
				ASSETCATALOG_COMPILER_APPICON_NAME = AppIcon;
				CODE_SIGN_STYLE = Automatic;
				DEVELOPMENT_TEAM = JN4N46RBA6;
				INFOPLIST_FILE = Set/Info.plist;
				LD_RUNPATH_SEARCH_PATHS = "$(inherited) @executable_path/Frameworks";
				PRODUCT_BUNDLE_IDENTIFIER = com.jamfly.Set;
				PRODUCT_NAME = "$(TARGET_NAME)";
				SWIFT_VERSION = 4.0;
				TARGETED_DEVICE_FAMILY = "1,2";
			};
			name = Debug;
		};
		3BBE6DDD1FF7CE25001EC047 /* Release */ = {
			isa = XCBuildConfiguration;
			buildSettings = {
				ASSETCATALOG_COMPILER_APPICON_NAME = AppIcon;
				CODE_SIGN_STYLE = Automatic;
				DEVELOPMENT_TEAM = JN4N46RBA6;
				INFOPLIST_FILE = Set/Info.plist;
				LD_RUNPATH_SEARCH_PATHS = "$(inherited) @executable_path/Frameworks";
				PRODUCT_BUNDLE_IDENTIFIER = com.jamfly.Set;
				PRODUCT_NAME = "$(TARGET_NAME)";
				SWIFT_VERSION = 4.0;
				TARGETED_DEVICE_FAMILY = "1,2";
			};
			name = Release;
		};
/* End XCBuildConfiguration section */

/* Begin XCConfigurationList section */
		3BBE6DC41FF7CE25001EC047 /* Build configuration list for PBXProject "Set" */ = {
			isa = XCConfigurationList;
			buildConfigurations = (
				3BBE6DD91FF7CE25001EC047 /* Debug */,
				3BBE6DDA1FF7CE25001EC047 /* Release */,
			);
			defaultConfigurationIsVisible = 0;
			defaultConfigurationName = Release;
		};
		3BBE6DDB1FF7CE25001EC047 /* Build configuration list for PBXNativeTarget "Set" */ = {
			isa = XCConfigurationList;
			buildConfigurations = (
				3BBE6DDC1FF7CE25001EC047 /* Debug */,
				3BBE6DDD1FF7CE25001EC047 /* Release */,
			);
			defaultConfigurationIsVisible = 0;
			defaultConfigurationName = Release;
		};
/* End XCConfigurationList section */
	};
	rootObject = 3BBE6DC11FF7CE25001EC047 /* Project object */;
}
